{
  "originHash" : "2592862178d25e62240f66a1685590a5dfd8d5c5214dcdf7815b0e1d48b273e0",
  "pins" : [
    {
      "identity" : "chouti",
      "kind" : "remoteSourceControl",
      "location" : "https://github.com/honghaoz/ChouTi",
      "state" : {
        "revision" : "e5518b427755f6e3a9851a4cfb53d9b78b14f039",
        "version" : "0.0.10"
      }
    }
  ],
  "version" : 3
}
